// !$*UTF8*$!
{
	archiveVersion = 1;
	classes = {
	};
	objectVersion = 46;
	objects = {

/* Begin PBXBuildFile section */
		F68F4C922041A6D600C85C08 /* main.cpp in Sources */ = {isa = PBXBuildFile; fileRef = F68F4C912041A6D600C85C08 /* main.cpp */; };
		F68F4CC32041A70900C85C08 /* Attack.cpp in Sources */ = {isa = PBXBuildFile; fileRef = F68F4C9D2041A70900C85C08 /* Attack.cpp */; };
		F68F4CC42041A70900C85C08 /* Carrier.cpp in Sources */ = {isa = PBXBuildFile; fileRef = F68F4C9F2041A70900C85C08 /* Carrier.cpp */; };
		F68F4CC52041A70900C85C08 /* Castle.cpp in Sources */ = {isa = PBXBuildFile; fileRef = F68F4CA12041A70900C85C08 /* Castle.cpp */; };
		F68F4CC62041A70900C85C08 /* CellProperty.cpp in Sources */ = {isa = PBXBuildFile; fileRef = F68F4CA32041A70900C85C08 /* CellProperty.cpp */; };
		F68F4CC72041A70900C85C08 /* Corruptor.cpp in Sources */ = {isa = PBXBuildFile; fileRef = F68F4CA62041A70900C85C08 /* Corruptor.cpp */; };
		F68F4CC82041A70900C85C08 /* Game.cpp in Sources */ = {isa = PBXBuildFile; fileRef = F68F4CAA2041A70900C85C08 /* Game.cpp */; };
		F68F4CC92041A70900C85C08 /* Hero.cpp in Sources */ = {isa = PBXBuildFile; fileRef = F68F4CAC2041A70900C85C08 /* Hero.cpp */; };
		F68F4CCA2041A70900C85C08 /* main.cpp in Sources */ = {isa = PBXBuildFile; fileRef = F68F4CAE2041A70900C85C08 /* main.cpp */; };
		F68F4CCB2041A70900C85C08 /* Map.cpp in Sources */ = {isa = PBXBuildFile; fileRef = F68F4CAF2041A70900C85C08 /* Map.cpp */; };
		F68F4CCC2041A70900C85C08 /* Marine.cpp in Sources */ = {isa = PBXBuildFile; fileRef = F68F4CB12041A70900C85C08 /* Marine.cpp */; };
		F68F4CCD2041A70900C85C08 /* Menu.cpp in Sources */ = {isa = PBXBuildFile; fileRef = F68F4CB32041A70900C85C08 /* Menu.cpp */; };
		F68F4CCE2041A70900C85C08 /* Player.cpp in Sources */ = {isa = PBXBuildFile; fileRef = F68F4CB52041A70900C85C08 /* Player.cpp */; };
		F68F4CCF2041A70900C85C08 /* Roach.cpp in Sources */ = {isa = PBXBuildFile; fileRef = F68F4CB72041A70900C85C08 /* Roach.cpp */; };
		F68F4CD02041A70900C85C08 /* Stalker.cpp in Sources */ = {isa = PBXBuildFile; fileRef = F68F4CB92041A70900C85C08 /* Stalker.cpp */; };
		F68F4CD12041A70900C85C08 /* Tank.cpp in Sources */ = {isa = PBXBuildFile; fileRef = F68F4CBC2041A70900C85C08 /* Tank.cpp */; };
		F68F4CD22041A70900C85C08 /* Unit.cpp in Sources */ = {isa = PBXBuildFile; fileRef = F68F4CBE2041A70900C85C08 /* Unit.cpp */; };
		F68F4CD32041A70900C85C08 /* Ursadon.cpp in Sources */ = {isa = PBXBuildFile; fileRef = F68F4CC12041A70900C85C08 /* Ursadon.cpp */; };
/* End PBXBuildFile section */

/* Begin PBXFileReference section */
		F68F4C8E2041A6D600C85C08 /* game */ = {isa = PBXFileReference; explicitFileType = "compiled.mach-o.executable"; includeInIndex = 0; path = game; sourceTree = BUILT_PRODUCTS_DIR; };
		F68F4C912041A6D600C85C08 /* main.cpp */ = {isa = PBXFileReference; lastKnownFileType = sourcecode.cpp.cpp; path = main.cpp; sourceTree = "<group>"; };
		F68F4C942041A6D600C85C08 /* cute_image.jpg */ = {isa = PBXFileReference; lastKnownFileType = image.jpeg; path = cute_image.jpg; sourceTree = "<group>"; };
		F68F4C952041A6D600C85C08 /* nice_music.ogg */ = {isa = PBXFileReference; lastKnownFileType = file; path = nice_music.ogg; sourceTree = "<group>"; };
		F68F4C962041A6D600C85C08 /* sansation.ttf */ = {isa = PBXFileReference; lastKnownFileType = file; path = sansation.ttf; sourceTree = "<group>"; };
		F68F4C972041A6D600C85C08 /* icon.png */ = {isa = PBXFileReference; lastKnownFileType = image.png; path = icon.png; sourceTree = "<group>"; };
		F68F4C9D2041A70900C85C08 /* Attack.cpp */ = {isa = PBXFileReference; fileEncoding = 4; lastKnownFileType = sourcecode.cpp.cpp; name = Attack.cpp; path = ../../src/Attack.cpp; sourceTree = "<group>"; };
		F68F4C9E2041A70900C85C08 /* Attack.hh */ = {isa = PBXFileReference; fileEncoding = 4; lastKnownFileType = sourcecode.cpp.h; name = Attack.hh; path = ../../src/Attack.hh; sourceTree = "<group>"; };
		F68F4C9F2041A70900C85C08 /* Carrier.cpp */ = {isa = PBXFileReference; fileEncoding = 4; lastKnownFileType = sourcecode.cpp.cpp; name = Carrier.cpp; path = ../../src/Carrier.cpp; sourceTree = "<group>"; };
		F68F4CA02041A70900C85C08 /* Carrier.hh */ = {isa = PBXFileReference; fileEncoding = 4; lastKnownFileType = sourcecode.cpp.h; name = Carrier.hh; path = ../../src/Carrier.hh; sourceTree = "<group>"; };
		F68F4CA12041A70900C85C08 /* Castle.cpp */ = {isa = PBXFileReference; fileEncoding = 4; lastKnownFileType = sourcecode.cpp.cpp; name = Castle.cpp; path = ../../src/Castle.cpp; sourceTree = "<group>"; };
		F68F4CA22041A70900C85C08 /* Castle.hh */ = {isa = PBXFileReference; fileEncoding = 4; lastKnownFileType = sourcecode.cpp.h; name = Castle.hh; path = ../../src/Castle.hh; sourceTree = "<group>"; };
		F68F4CA32041A70900C85C08 /* CellProperty.cpp */ = {isa = PBXFileReference; fileEncoding = 4; lastKnownFileType = sourcecode.cpp.cpp; name = CellProperty.cpp; path = ../../src/CellProperty.cpp; sourceTree = "<group>"; };
		F68F4CA42041A70900C85C08 /* CellProperty.hh */ = {isa = PBXFileReference; fileEncoding = 4; lastKnownFileType = sourcecode.cpp.h; name = CellProperty.hh; path = ../../src/CellProperty.hh; sourceTree = "<group>"; };
		F68F4CA52041A70900C85C08 /* CellType.hh */ = {isa = PBXFileReference; fileEncoding = 4; lastKnownFileType = sourcecode.cpp.h; name = CellType.hh; path = ../../src/CellType.hh; sourceTree = "<group>"; };
		F68F4CA62041A70900C85C08 /* Corruptor.cpp */ = {isa = PBXFileReference; fileEncoding = 4; lastKnownFileType = sourcecode.cpp.cpp; name = Corruptor.cpp; path = ../../src/Corruptor.cpp; sourceTree = "<group>"; };
		F68F4CA72041A70900C85C08 /* Corruptor.hh */ = {isa = PBXFileReference; fileEncoding = 4; lastKnownFileType = sourcecode.cpp.h; name = Corruptor.hh; path = ../../src/Corruptor.hh; sourceTree = "<group>"; };
		F68F4CA82041A70900C85C08 /* Cscreen.hh */ = {isa = PBXFileReference; fileEncoding = 4; lastKnownFileType = sourcecode.cpp.h; name = Cscreen.hh; path = ../../src/Cscreen.hh; sourceTree = "<group>"; };
		F68F4CA92041A70900C85C08 /* Direction.hh */ = {isa = PBXFileReference; fileEncoding = 4; lastKnownFileType = sourcecode.cpp.h; name = Direction.hh; path = ../../src/Direction.hh; sourceTree = "<group>"; };
		F68F4CAA2041A70900C85C08 /* Game.cpp */ = {isa = PBXFileReference; fileEncoding = 4; lastKnownFileType = sourcecode.cpp.cpp; name = Game.cpp; path = ../../src/Game.cpp; sourceTree = "<group>"; };
		F68F4CAB2041A70900C85C08 /* Game.hh */ = {isa = PBXFileReference; fileEncoding = 4; lastKnownFileType = sourcecode.cpp.h; name = Game.hh; path = ../../src/Game.hh; sourceTree = "<group>"; };
		F68F4CAC2041A70900C85C08 /* Hero.cpp */ = {isa = PBXFileReference; fileEncoding = 4; lastKnownFileType = sourcecode.cpp.cpp; name = Hero.cpp; path = ../../src/Hero.cpp; sourceTree = "<group>"; };
		F68F4CAD2041A70900C85C08 /* Hero.hh */ = {isa = PBXFileReference; fileEncoding = 4; lastKnownFileType = sourcecode.cpp.h; name = Hero.hh; path = ../../src/Hero.hh; sourceTree = "<group>"; };
		F68F4CAE2041A70900C85C08 /* main.cpp */ = {isa = PBXFileReference; fileEncoding = 4; lastKnownFileType = sourcecode.cpp.cpp; name = main.cpp; path = ../../src/main.cpp; sourceTree = "<group>"; };
		F68F4CAF2041A70900C85C08 /* Map.cpp */ = {isa = PBXFileReference; fileEncoding = 4; lastKnownFileType = sourcecode.cpp.cpp; name = Map.cpp; path = ../../src/Map.cpp; sourceTree = "<group>"; };
		F68F4CB02041A70900C85C08 /* Map.hh */ = {isa = PBXFileReference; fileEncoding = 4; lastKnownFileType = sourcecode.cpp.h; name = Map.hh; path = ../../src/Map.hh; sourceTree = "<group>"; };
		F68F4CB12041A70900C85C08 /* Marine.cpp */ = {isa = PBXFileReference; fileEncoding = 4; lastKnownFileType = sourcecode.cpp.cpp; name = Marine.cpp; path = ../../src/Marine.cpp; sourceTree = "<group>"; };
		F68F4CB22041A70900C85C08 /* Marine.hh */ = {isa = PBXFileReference; fileEncoding = 4; lastKnownFileType = sourcecode.cpp.h; name = Marine.hh; path = ../../src/Marine.hh; sourceTree = "<group>"; };
		F68F4CB32041A70900C85C08 /* Menu.cpp */ = {isa = PBXFileReference; fileEncoding = 4; lastKnownFileType = sourcecode.cpp.cpp; name = Menu.cpp; path = ../../src/Menu.cpp; sourceTree = "<group>"; };
		F68F4CB42041A70900C85C08 /* Menu.hh */ = {isa = PBXFileReference; fileEncoding = 4; lastKnownFileType = sourcecode.cpp.h; name = Menu.hh; path = ../../src/Menu.hh; sourceTree = "<group>"; };
		F68F4CB52041A70900C85C08 /* Player.cpp */ = {isa = PBXFileReference; fileEncoding = 4; lastKnownFileType = sourcecode.cpp.cpp; name = Player.cpp; path = ../../src/Player.cpp; sourceTree = "<group>"; };
		F68F4CB62041A70900C85C08 /* Player.hh */ = {isa = PBXFileReference; fileEncoding = 4; lastKnownFileType = sourcecode.cpp.h; name = Player.hh; path = ../../src/Player.hh; sourceTree = "<group>"; };
		F68F4CB72041A70900C85C08 /* Roach.cpp */ = {isa = PBXFileReference; fileEncoding = 4; lastKnownFileType = sourcecode.cpp.cpp; name = Roach.cpp; path = ../../src/Roach.cpp; sourceTree = "<group>"; };
		F68F4CB82041A70900C85C08 /* Roach.hh */ = {isa = PBXFileReference; fileEncoding = 4; lastKnownFileType = sourcecode.cpp.h; name = Roach.hh; path = ../../src/Roach.hh; sourceTree = "<group>"; };
		F68F4CB92041A70900C85C08 /* Stalker.cpp */ = {isa = PBXFileReference; fileEncoding = 4; lastKnownFileType = sourcecode.cpp.cpp; name = Stalker.cpp; path = ../../src/Stalker.cpp; sourceTree = "<group>"; };
		F68F4CBA2041A70900C85C08 /* Stalker.hh */ = {isa = PBXFileReference; fileEncoding = 4; lastKnownFileType = sourcecode.cpp.h; name = Stalker.hh; path = ../../src/Stalker.hh; sourceTree = "<group>"; };
		F68F4CBB2041A70900C85C08 /* Stats.hh */ = {isa = PBXFileReference; fileEncoding = 4; lastKnownFileType = sourcecode.cpp.h; name = Stats.hh; path = ../../src/Stats.hh; sourceTree = "<group>"; };
		F68F4CBC2041A70900C85C08 /* Tank.cpp */ = {isa = PBXFileReference; fileEncoding = 4; lastKnownFileType = sourcecode.cpp.cpp; name = Tank.cpp; path = ../../src/Tank.cpp; sourceTree = "<group>"; };
		F68F4CBD2041A70900C85C08 /* Tank.hh */ = {isa = PBXFileReference; fileEncoding = 4; lastKnownFileType = sourcecode.cpp.h; name = Tank.hh; path = ../../src/Tank.hh; sourceTree = "<group>"; };
		F68F4CBE2041A70900C85C08 /* Unit.cpp */ = {isa = PBXFileReference; fileEncoding = 4; lastKnownFileType = sourcecode.cpp.cpp; name = Unit.cpp; path = ../../src/Unit.cpp; sourceTree = "<group>"; };
		F68F4CBF2041A70900C85C08 /* Unit.hh */ = {isa = PBXFileReference; fileEncoding = 4; lastKnownFileType = sourcecode.cpp.h; name = Unit.hh; path = ../../src/Unit.hh; sourceTree = "<group>"; };
		F68F4CC02041A70900C85C08 /* UnitField.hh */ = {isa = PBXFileReference; fileEncoding = 4; lastKnownFileType = sourcecode.cpp.h; name = UnitField.hh; path = ../../src/UnitField.hh; sourceTree = "<group>"; };
		F68F4CC12041A70900C85C08 /* Ursadon.cpp */ = {isa = PBXFileReference; fileEncoding = 4; lastKnownFileType = sourcecode.cpp.cpp; name = Ursadon.cpp; path = ../../src/Ursadon.cpp; sourceTree = "<group>"; };
		F68F4CC22041A70900C85C08 /* Ursadon.hh */ = {isa = PBXFileReference; fileEncoding = 4; lastKnownFileType = sourcecode.cpp.h; name = Ursadon.hh; path = ../../src/Ursadon.hh; sourceTree = "<group>"; };
/* End PBXFileReference section */

/* Begin PBXFrameworksBuildPhase section */
		F68F4C8C2041A6D600C85C08 /* Frameworks */ = {
			isa = PBXFrameworksBuildPhase;
			buildActionMask = 2147483647;
			files = (
			);
			runOnlyForDeploymentPostprocessing = 0;
		};
/* End PBXFrameworksBuildPhase section */

/* Begin PBXGroup section */
		F68F4C862041A6D600C85C08 = {
			isa = PBXGroup;
			children = (
				F68F4C902041A6D600C85C08 /* game */,
				F68F4C8F2041A6D600C85C08 /* Products */,
			);
			sourceTree = "<group>";
		};
		F68F4C8F2041A6D600C85C08 /* Products */ = {
			isa = PBXGroup;
			children = (
				F68F4C8E2041A6D600C85C08 /* game */,
			);
			name = Products;
			sourceTree = "<group>";
		};
		F68F4C902041A6D600C85C08 /* game */ = {
			isa = PBXGroup;
			children = (
				F68F4C912041A6D600C85C08 /* main.cpp */,
				F68F4C932041A6D600C85C08 /* Resources */,
			);
			path = game;
			sourceTree = "<group>";
		};
		F68F4C932041A6D600C85C08 /* Resources */ = {
			isa = PBXGroup;
			children = (
				F68F4C9D2041A70900C85C08 /* Attack.cpp */,
				F68F4C9E2041A70900C85C08 /* Attack.hh */,
				F68F4C9F2041A70900C85C08 /* Carrier.cpp */,
				F68F4CA02041A70900C85C08 /* Carrier.hh */,
				F68F4CA12041A70900C85C08 /* Castle.cpp */,
				F68F4CA22041A70900C85C08 /* Castle.hh */,
				F68F4CA32041A70900C85C08 /* CellProperty.cpp */,
				F68F4CA42041A70900C85C08 /* CellProperty.hh */,
				F68F4CA52041A70900C85C08 /* CellType.hh */,
				F68F4CA62041A70900C85C08 /* Corruptor.cpp */,
				F68F4CA72041A70900C85C08 /* Corruptor.hh */,
				F68F4CA82041A70900C85C08 /* Cscreen.hh */,
				F68F4CA92041A70900C85C08 /* Direction.hh */,
				F68F4CAA2041A70900C85C08 /* Game.cpp */,
				F68F4CAB2041A70900C85C08 /* Game.hh */,
				F68F4CAC2041A70900C85C08 /* Hero.cpp */,
				F68F4CAD2041A70900C85C08 /* Hero.hh */,
				F68F4CAE2041A70900C85C08 /* main.cpp */,
				F68F4CAF2041A70900C85C08 /* Map.cpp */,
				F68F4CB02041A70900C85C08 /* Map.hh */,
				F68F4CB12041A70900C85C08 /* Marine.cpp */,
				F68F4CB22041A70900C85C08 /* Marine.hh */,
				F68F4CB32041A70900C85C08 /* Menu.cpp */,
				F68F4CB42041A70900C85C08 /* Menu.hh */,
				F68F4CB52041A70900C85C08 /* Player.cpp */,
				F68F4CB62041A70900C85C08 /* Player.hh */,
				F68F4CB72041A70900C85C08 /* Roach.cpp */,
				F68F4CB82041A70900C85C08 /* Roach.hh */,
				F68F4CB92041A70900C85C08 /* Stalker.cpp */,
				F68F4CBA2041A70900C85C08 /* Stalker.hh */,
				F68F4CBB2041A70900C85C08 /* Stats.hh */,
				F68F4CBC2041A70900C85C08 /* Tank.cpp */,
				F68F4CBD2041A70900C85C08 /* Tank.hh */,
				F68F4CBE2041A70900C85C08 /* Unit.cpp */,
				F68F4CBF2041A70900C85C08 /* Unit.hh */,
				F68F4CC02041A70900C85C08 /* UnitField.hh */,
				F68F4CC12041A70900C85C08 /* Ursadon.cpp */,
				F68F4CC22041A70900C85C08 /* Ursadon.hh */,
				F68F4C942041A6D600C85C08 /* cute_image.jpg */,
				F68F4C952041A6D600C85C08 /* nice_music.ogg */,
				F68F4C962041A6D600C85C08 /* sansation.ttf */,
				F68F4C972041A6D600C85C08 /* icon.png */,
			);
			name = Resources;
			sourceTree = "<group>";
		};
/* End PBXGroup section */

/* Begin PBXNativeTarget section */
		F68F4C8D2041A6D600C85C08 /* game */ = {
			isa = PBXNativeTarget;
			buildConfigurationList = F68F4C9A2041A6D600C85C08 /* Build configuration list for PBXNativeTarget "game" */;
			buildPhases = (
				F68F4C8B2041A6D600C85C08 /* Sources */,
				F68F4C8C2041A6D600C85C08 /* Frameworks */,
			);
			buildRules = (
			);
			dependencies = (
			);
			name = game;
			productName = game;
			productReference = F68F4C8E2041A6D600C85C08 /* game */;
			productType = "com.apple.product-type.tool";
		};
/* End PBXNativeTarget section */

/* Begin PBXProject section */
		F68F4C872041A6D600C85C08 /* Project object */ = {
			isa = PBXProject;
			attributes = {
				LastUpgradeCheck = 0830;
				ORGANIZATIONNAME = "Acal HABI";
				TargetAttributes = {
					F68F4C8D2041A6D600C85C08 = {
						CreatedOnToolsVersion = 8.3.3;
						ProvisioningStyle = Automatic;
					};
				};
			};
			buildConfigurationList = F68F4C8A2041A6D600C85C08 /* Build configuration list for PBXProject "game" */;
			compatibilityVersion = "Xcode 3.2";
			developmentRegion = English;
			hasScannedForEncodings = 0;
			knownRegions = (
				en,
			);
			mainGroup = F68F4C862041A6D600C85C08;
			productRefGroup = F68F4C8F2041A6D600C85C08 /* Products */;
			projectDirPath = "";
			projectRoot = "";
			targets = (
				F68F4C8D2041A6D600C85C08 /* game */,
			);
		};
/* End PBXProject section */

/* Begin PBXSourcesBuildPhase section */
		F68F4C8B2041A6D600C85C08 /* Sources */ = {
			isa = PBXSourcesBuildPhase;
			buildActionMask = 2147483647;
			files = (
				F68F4C922041A6D600C85C08 /* main.cpp in Sources */,
				F68F4CC42041A70900C85C08 /* Carrier.cpp in Sources */,
				F68F4CD02041A70900C85C08 /* Stalker.cpp in Sources */,
				F68F4CCC2041A70900C85C08 /* Marine.cpp in Sources */,
				F68F4CCF2041A70900C85C08 /* Roach.cpp in Sources */,
				F68F4CCA2041A70900C85C08 /* main.cpp in Sources */,
				F68F4CC72041A70900C85C08 /* Corruptor.cpp in Sources */,
				F68F4CD12041A70900C85C08 /* Tank.cpp in Sources */,
				F68F4CD32041A70900C85C08 /* Ursadon.cpp in Sources */,
				F68F4CC32041A70900C85C08 /* Attack.cpp in Sources */,
				F68F4CCD2041A70900C85C08 /* Menu.cpp in Sources */,
				F68F4CC62041A70900C85C08 /* CellProperty.cpp in Sources */,
				F68F4CCE2041A70900C85C08 /* Player.cpp in Sources */,
				F68F4CCB2041A70900C85C08 /* Map.cpp in Sources */,
				F68F4CC52041A70900C85C08 /* Castle.cpp in Sources */,
				F68F4CC82041A70900C85C08 /* Game.cpp in Sources */,
				F68F4CD22041A70900C85C08 /* Unit.cpp in Sources */,
				F68F4CC92041A70900C85C08 /* Hero.cpp in Sources */,
			);
			runOnlyForDeploymentPostprocessing = 0;
		};
/* End PBXSourcesBuildPhase section */

/* Begin XCBuildConfiguration section */
		F68F4C982041A6D600C85C08 /* Debug */ = {
			isa = XCBuildConfiguration;
			buildSettings = {
				ARCHS = "$(NATIVE_ARCH_ACTUAL)";
				CLANG_CXX_LANGUAGE_STANDARD = "c++0x";
				CLANG_CXX_LIBRARY = "libc++";
				FRAMEWORK_SEARCH_PATHS = (
					/Library/Frameworks/,
					"$(inherited)",
				);
				GCC_VERSION = com.apple.compilers.llvm.clang.1_0;
				HEADER_SEARCH_PATHS = (
					/usr/local/include/,
					"$(inherited)",
				);
				LIBRARY_SEARCH_PATHS = (
					/usr/local/lib/,
					"$(inherited)",
				);
				MACOSX_DEPLOYMENT_TARGET = 10.7;
				OTHER_LDFLAGS = (
					"$(inherited)",
					"$(SFML_SYSTEM)",
					"$(SFML_WINDOW)",
					"$(SFML_GRAPHICS)",
					"$(SFML_AUDIO)",
					"$(SFML_NETWORK)",
				);
				SFML_AUDIO = "$(SFML_LINK_PREFIX) sfml-audio$(SFML_LINK_SUFFIX)";
				SFML_BINARY_TYPE = FRAMEWORKS;
				SFML_GRAPHICS = "$(SFML_LINK_PREFIX) sfml-graphics$(SFML_LINK_SUFFIX)";
				SFML_LINK_DYLIBS_PREFIX = "-l";
				SFML_LINK_DYLIBS_SUFFIX = "";
				SFML_LINK_FRAMEWORKS_PREFIX = "-framework";
				SFML_LINK_FRAMEWORKS_SUFFIX = "";
				SFML_LINK_PREFIX = "$(SFML_LINK_$(SFML_BINARY_TYPE)_PREFIX)";
				SFML_LINK_SUFFIX = "$(SFML_LINK_$(SFML_BINARY_TYPE)_SUFFIX)";
				SFML_NETWORK = "$(SFML_LINK_PREFIX) sfml-network$(SFML_LINK_SUFFIX)";
				SFML_SYSTEM = "$(SFML_LINK_PREFIX) sfml-system$(SFML_LINK_SUFFIX)";
				SFML_WINDOW = "$(SFML_LINK_PREFIX) sfml-window$(SFML_LINK_SUFFIX)";
				SUPPORTED_PLATFORMS = macosx;
			};
			name = Debug;
		};
		F68F4C992041A6D600C85C08 /* Release */ = {
			isa = XCBuildConfiguration;
			buildSettings = {
				ARCHS = "$(NATIVE_ARCH_ACTUAL)";
				CLANG_CXX_LANGUAGE_STANDARD = "c++0x";
				CLANG_CXX_LIBRARY = "libc++";
				FRAMEWORK_SEARCH_PATHS = (
					/Library/Frameworks/,
					"$(inherited)",
				);
				GCC_VERSION = com.apple.compilers.llvm.clang.1_0;
				HEADER_SEARCH_PATHS = (
					/usr/local/include/,
					"$(inherited)",
				);
				LIBRARY_SEARCH_PATHS = (
					/usr/local/lib/,
					"$(inherited)",
				);
				MACOSX_DEPLOYMENT_TARGET = 10.7;
				OTHER_LDFLAGS = (
					"$(inherited)",
					"$(SFML_SYSTEM)",
					"$(SFML_WINDOW)",
					"$(SFML_GRAPHICS)",
					"$(SFML_AUDIO)",
					"$(SFML_NETWORK)",
				);
				SFML_AUDIO = "$(SFML_LINK_PREFIX) sfml-audio$(SFML_LINK_SUFFIX)";
				SFML_BINARY_TYPE = FRAMEWORKS;
				SFML_GRAPHICS = "$(SFML_LINK_PREFIX) sfml-graphics$(SFML_LINK_SUFFIX)";
				SFML_LINK_DYLIBS_PREFIX = "-l";
				SFML_LINK_DYLIBS_SUFFIX = "";
				SFML_LINK_FRAMEWORKS_PREFIX = "-framework";
				SFML_LINK_FRAMEWORKS_SUFFIX = "";
				SFML_LINK_PREFIX = "$(SFML_LINK_$(SFML_BINARY_TYPE)_PREFIX)";
				SFML_LINK_SUFFIX = "$(SFML_LINK_$(SFML_BINARY_TYPE)_SUFFIX)";
				SFML_NETWORK = "$(SFML_LINK_PREFIX) sfml-network$(SFML_LINK_SUFFIX)";
				SFML_SYSTEM = "$(SFML_LINK_PREFIX) sfml-system$(SFML_LINK_SUFFIX)";
				SFML_WINDOW = "$(SFML_LINK_PREFIX) sfml-window$(SFML_LINK_SUFFIX)";
				SUPPORTED_PLATFORMS = macosx;
			};
			name = Release;
		};
		F68F4C9B2041A6D600C85C08 /* Debug */ = {
			isa = XCBuildConfiguration;
			buildSettings = {
				PRODUCT_NAME = "$(TARGET_NAME)";
			};
			name = Debug;
		};
		F68F4C9C2041A6D600C85C08 /* Release */ = {
			isa = XCBuildConfiguration;
			buildSettings = {
				PRODUCT_NAME = "$(TARGET_NAME)";
			};
			name = Release;
		};
/* End XCBuildConfiguration section */

/* Begin XCConfigurationList section */
		F68F4C8A2041A6D600C85C08 /* Build configuration list for PBXProject "game" */ = {
			isa = XCConfigurationList;
			buildConfigurations = (
				F68F4C982041A6D600C85C08 /* Debug */,
				F68F4C992041A6D600C85C08 /* Release */,
			);
			defaultConfigurationIsVisible = 0;
			defaultConfigurationName = Release;
		};
		F68F4C9A2041A6D600C85C08 /* Build configuration list for PBXNativeTarget "game" */ = {
			isa = XCConfigurationList;
			buildConfigurations = (
				F68F4C9B2041A6D600C85C08 /* Debug */,
				F68F4C9C2041A6D600C85C08 /* Release */,
			);
			defaultConfigurationIsVisible = 0;
		};
/* End XCConfigurationList section */
	};
	rootObject = F68F4C872041A6D600C85C08 /* Project object */;
}
